// !$*UTF8*$!
{
	archiveVersion = 1;
	classes = {
	};
	objectVersion = 48;
	objects = {

/* Begin PBXBuildFile section */
		8C676E78200ED49400298613 /* UIKit.framework in Frameworks */ = {isa = PBXBuildFile; fileRef = 8C676E77200ED49300298613 /* UIKit.framework */; };
		8C81EDE820098C1B009565A0 /* AppDelegate.swift in Sources */ = {isa = PBXBuildFile; fileRef = 8C81EDE720098C1B009565A0 /* AppDelegate.swift */; };
		8C81EDEA20098C1B009565A0 /* ViewController.swift in Sources */ = {isa = PBXBuildFile; fileRef = 8C81EDE920098C1B009565A0 /* ViewController.swift */; };
		8C81EDED20098C1B009565A0 /* Main.storyboard in Resources */ = {isa = PBXBuildFile; fileRef = 8C81EDEB20098C1B009565A0 /* Main.storyboard */; };
		8C81EDEF20098C1B009565A0 /* Assets.xcassets in Resources */ = {isa = PBXBuildFile; fileRef = 8C81EDEE20098C1B009565A0 /* Assets.xcassets */; };
		8C81EDF220098C1B009565A0 /* LaunchScreen.storyboard in Resources */ = {isa = PBXBuildFile; fileRef = 8C81EDF020098C1B009565A0 /* LaunchScreen.storyboard */; };
		8C81EDFD20098C1B009565A0 /* BlueStream_PoCTests.swift in Sources */ = {isa = PBXBuildFile; fileRef = 8C81EDFC20098C1B009565A0 /* BlueStream_PoCTests.swift */; };
		8C81EE0820098C1B009565A0 /* BlueStream_PoCUITests.swift in Sources */ = {isa = PBXBuildFile; fileRef = 8C81EE0720098C1B009565A0 /* BlueStream_PoCUITests.swift */; };
		8CB52ABE200FE9DA001BB8C8 /* CoreData.framework in Frameworks */ = {isa = PBXBuildFile; fileRef = 8CB52ABD200FE9DA001BB8C8 /* CoreData.framework */; };
/* End PBXBuildFile section */

/* Begin PBXContainerItemProxy section */
		8C81EDF920098C1B009565A0 /* PBXContainerItemProxy */ = {
			isa = PBXContainerItemProxy;
			containerPortal = 8C81EDDC20098C1B009565A0 /* Project object */;
			proxyType = 1;
			remoteGlobalIDString = 8C81EDE320098C1B009565A0;
			remoteInfo = "BlueStream-PoC";
		};
		8C81EE0420098C1B009565A0 /* PBXContainerItemProxy */ = {
			isa = PBXContainerItemProxy;
			containerPortal = 8C81EDDC20098C1B009565A0 /* Project object */;
			proxyType = 1;
			remoteGlobalIDString = 8C81EDE320098C1B009565A0;
			remoteInfo = "BlueStream-PoC";
		};
/* End PBXContainerItemProxy section */

/* Begin PBXFileReference section */
		8C676E77200ED49300298613 /* UIKit.framework */ = {isa = PBXFileReference; lastKnownFileType = wrapper.framework; name = UIKit.framework; path = System/Library/Frameworks/UIKit.framework; sourceTree = SDKROOT; };
		8C81EDE420098C1B009565A0 /* BlueStream-PoC.app */ = {isa = PBXFileReference; explicitFileType = wrapper.application; includeInIndex = 0; path = "BlueStream-PoC.app"; sourceTree = BUILT_PRODUCTS_DIR; };
		8C81EDE720098C1B009565A0 /* AppDelegate.swift */ = {isa = PBXFileReference; lastKnownFileType = sourcecode.swift; path = AppDelegate.swift; sourceTree = "<group>"; };
		8C81EDE920098C1B009565A0 /* ViewController.swift */ = {isa = PBXFileReference; lastKnownFileType = sourcecode.swift; path = ViewController.swift; sourceTree = "<group>"; };
		8C81EDEC20098C1B009565A0 /* Base */ = {isa = PBXFileReference; lastKnownFileType = file.storyboard; name = Base; path = Base.lproj/Main.storyboard; sourceTree = "<group>"; };
		8C81EDEE20098C1B009565A0 /* Assets.xcassets */ = {isa = PBXFileReference; lastKnownFileType = folder.assetcatalog; path = Assets.xcassets; sourceTree = "<group>"; };
		8C81EDF120098C1B009565A0 /* Base */ = {isa = PBXFileReference; lastKnownFileType = file.storyboard; name = Base; path = Base.lproj/LaunchScreen.storyboard; sourceTree = "<group>"; };
		8C81EDF320098C1B009565A0 /* Info.plist */ = {isa = PBXFileReference; lastKnownFileType = text.plist.xml; path = Info.plist; sourceTree = "<group>"; };
		8C81EDF820098C1B009565A0 /* BlueStream-PoCTests.xctest */ = {isa = PBXFileReference; explicitFileType = wrapper.cfbundle; includeInIndex = 0; path = "BlueStream-PoCTests.xctest"; sourceTree = BUILT_PRODUCTS_DIR; };
		8C81EDFC20098C1B009565A0 /* BlueStream_PoCTests.swift */ = {isa = PBXFileReference; lastKnownFileType = sourcecode.swift; path = BlueStream_PoCTests.swift; sourceTree = "<group>"; };
		8C81EDFE20098C1B009565A0 /* Info.plist */ = {isa = PBXFileReference; lastKnownFileType = text.plist.xml; path = Info.plist; sourceTree = "<group>"; };
		8C81EE0320098C1B009565A0 /* BlueStream-PoCUITests.xctest */ = {isa = PBXFileReference; explicitFileType = wrapper.cfbundle; includeInIndex = 0; path = "BlueStream-PoCUITests.xctest"; sourceTree = BUILT_PRODUCTS_DIR; };
		8C81EE0720098C1B009565A0 /* BlueStream_PoCUITests.swift */ = {isa = PBXFileReference; lastKnownFileType = sourcecode.swift; path = BlueStream_PoCUITests.swift; sourceTree = "<group>"; };
		8C81EE0920098C1B009565A0 /* Info.plist */ = {isa = PBXFileReference; lastKnownFileType = text.plist.xml; path = Info.plist; sourceTree = "<group>"; };
		8CB52ABD200FE9DA001BB8C8 /* CoreData.framework */ = {isa = PBXFileReference; lastKnownFileType = wrapper.framework; name = CoreData.framework; path = System/Library/Frameworks/CoreData.framework; sourceTree = SDKROOT; };
/* End PBXFileReference section */

/* Begin PBXFrameworksBuildPhase section */
		8C81EDE120098C1B009565A0 /* Frameworks */ = {
			isa = PBXFrameworksBuildPhase;
			buildActionMask = 2147483647;
			files = (
				8CB52ABE200FE9DA001BB8C8 /* CoreData.framework in Frameworks */,
				8C676E78200ED49400298613 /* UIKit.framework in Frameworks */,
			);
			runOnlyForDeploymentPostprocessing = 0;
		};
		8C81EDF520098C1B009565A0 /* Frameworks */ = {
			isa = PBXFrameworksBuildPhase;
			buildActionMask = 2147483647;
			files = (
			);
			runOnlyForDeploymentPostprocessing = 0;
		};
		8C81EE0020098C1B009565A0 /* Frameworks */ = {
			isa = PBXFrameworksBuildPhase;
			buildActionMask = 2147483647;
			files = (
			);
			runOnlyForDeploymentPostprocessing = 0;
		};
/* End PBXFrameworksBuildPhase section */

/* Begin PBXGroup section */
		8C676E76200ED49300298613 /* Frameworks */ = {
			isa = PBXGroup;
			children = (
				8CB52ABD200FE9DA001BB8C8 /* CoreData.framework */,
				8C676E77200ED49300298613 /* UIKit.framework */,
			);
			name = Frameworks;
			sourceTree = "<group>";
		};
		8C81EDDB20098C1B009565A0 = {
			isa = PBXGroup;
			children = (
				8C81EDE620098C1B009565A0 /* BlueStream-PoC */,
				8C81EDFB20098C1B009565A0 /* BlueStream-PoCTests */,
				8C81EE0620098C1B009565A0 /* BlueStream-PoCUITests */,
				8C81EDE520098C1B009565A0 /* Products */,
				8C676E76200ED49300298613 /* Frameworks */,
			);
			sourceTree = "<group>";
		};
		8C81EDE520098C1B009565A0 /* Products */ = {
			isa = PBXGroup;
			children = (
				8C81EDE420098C1B009565A0 /* BlueStream-PoC.app */,
				8C81EDF820098C1B009565A0 /* BlueStream-PoCTests.xctest */,
				8C81EE0320098C1B009565A0 /* BlueStream-PoCUITests.xctest */,
			);
			name = Products;
			sourceTree = "<group>";
		};
		8C81EDE620098C1B009565A0 /* BlueStream-PoC */ = {
			isa = PBXGroup;
			children = (
				8C81EDF020098C1B009565A0 /* LaunchScreen.storyboard */,
				8C81EDE720098C1B009565A0 /* AppDelegate.swift */,
				8C81EDE920098C1B009565A0 /* ViewController.swift */,
				8C81EDEB20098C1B009565A0 /* Main.storyboard */,
				8C81EDEE20098C1B009565A0 /* Assets.xcassets */,
				8C81EDF320098C1B009565A0 /* Info.plist */,
			);
			path = "BlueStream-PoC";
			sourceTree = "<group>";
		};
		8C81EDFB20098C1B009565A0 /* BlueStream-PoCTests */ = {
			isa = PBXGroup;
			children = (
				8C81EDFC20098C1B009565A0 /* BlueStream_PoCTests.swift */,
				8C81EDFE20098C1B009565A0 /* Info.plist */,
			);
			path = "BlueStream-PoCTests";
			sourceTree = "<group>";
		};
		8C81EE0620098C1B009565A0 /* BlueStream-PoCUITests */ = {
			isa = PBXGroup;
			children = (
				8C81EE0720098C1B009565A0 /* BlueStream_PoCUITests.swift */,
				8C81EE0920098C1B009565A0 /* Info.plist */,
			);
			path = "BlueStream-PoCUITests";
			sourceTree = "<group>";
		};
/* End PBXGroup section */

/* Begin PBXNativeTarget section */
		8C81EDE320098C1B009565A0 /* BlueStream-PoC */ = {
			isa = PBXNativeTarget;
			buildConfigurationList = 8C81EE0C20098C1C009565A0 /* Build configuration list for PBXNativeTarget "BlueStream-PoC" */;
			buildPhases = (
				8C81EDE020098C1B009565A0 /* Sources */,
				8C81EDE120098C1B009565A0 /* Frameworks */,
				8C81EDE220098C1B009565A0 /* Resources */,
			);
			buildRules = (
			);
			dependencies = (
			);
			name = "BlueStream-PoC";
			productName = "BlueStream-PoC";
			productReference = 8C81EDE420098C1B009565A0 /* BlueStream-PoC.app */;
			productType = "com.apple.product-type.application";
		};
		8C81EDF720098C1B009565A0 /* BlueStream-PoCTests */ = {
			isa = PBXNativeTarget;
			buildConfigurationList = 8C81EE0F20098C1C009565A0 /* Build configuration list for PBXNativeTarget "BlueStream-PoCTests" */;
			buildPhases = (
				8C81EDF420098C1B009565A0 /* Sources */,
				8C81EDF520098C1B009565A0 /* Frameworks */,
				8C81EDF620098C1B009565A0 /* Resources */,
			);
			buildRules = (
			);
			dependencies = (
				8C81EDFA20098C1B009565A0 /* PBXTargetDependency */,
			);
			name = "BlueStream-PoCTests";
			productName = "BlueStream-PoCTests";
			productReference = 8C81EDF820098C1B009565A0 /* BlueStream-PoCTests.xctest */;
			productType = "com.apple.product-type.bundle.unit-test";
		};
		8C81EE0220098C1B009565A0 /* BlueStream-PoCUITests */ = {
			isa = PBXNativeTarget;
			buildConfigurationList = 8C81EE1220098C1C009565A0 /* Build configuration list for PBXNativeTarget "BlueStream-PoCUITests" */;
			buildPhases = (
				8C81EDFF20098C1B009565A0 /* Sources */,
				8C81EE0020098C1B009565A0 /* Frameworks */,
				8C81EE0120098C1B009565A0 /* Resources */,
			);
			buildRules = (
			);
			dependencies = (
				8C81EE0520098C1B009565A0 /* PBXTargetDependency */,
			);
			name = "BlueStream-PoCUITests";
			productName = "BlueStream-PoCUITests";
			productReference = 8C81EE0320098C1B009565A0 /* BlueStream-PoCUITests.xctest */;
			productType = "com.apple.product-type.bundle.ui-testing";
		};
/* End PBXNativeTarget section */

/* Begin PBXProject section */
		8C81EDDC20098C1B009565A0 /* Project object */ = {
			isa = PBXProject;
			attributes = {
				LastSwiftUpdateCheck = 0920;
				LastUpgradeCheck = 0920;
				ORGANIZATIONNAME = "Arizona State University";
				TargetAttributes = {
					8C81EDE320098C1B009565A0 = {
						CreatedOnToolsVersion = 9.2;
						ProvisioningStyle = Automatic;
					};
					8C81EDF720098C1B009565A0 = {
						CreatedOnToolsVersion = 9.2;
						ProvisioningStyle = Automatic;
						TestTargetID = 8C81EDE320098C1B009565A0;
					};
					8C81EE0220098C1B009565A0 = {
						CreatedOnToolsVersion = 9.2;
						ProvisioningStyle = Automatic;
						TestTargetID = 8C81EDE320098C1B009565A0;
					};
				};
			};
			buildConfigurationList = 8C81EDDF20098C1B009565A0 /* Build configuration list for PBXProject "BlueStream-PoC" */;
			compatibilityVersion = "Xcode 8.0";
			developmentRegion = en;
			hasScannedForEncodings = 0;
			knownRegions = (
				en,
				Base,
			);
			mainGroup = 8C81EDDB20098C1B009565A0;
			productRefGroup = 8C81EDE520098C1B009565A0 /* Products */;
			projectDirPath = "";
			projectRoot = "";
			targets = (
				8C81EDE320098C1B009565A0 /* BlueStream-PoC */,
				8C81EDF720098C1B009565A0 /* BlueStream-PoCTests */,
				8C81EE0220098C1B009565A0 /* BlueStream-PoCUITests */,
			);
		};
/* End PBXProject section */

/* Begin PBXResourcesBuildPhase section */
		8C81EDE220098C1B009565A0 /* Resources */ = {
			isa = PBXResourcesBuildPhase;
			buildActionMask = 2147483647;
			files = (
				8C81EDF220098C1B009565A0 /* LaunchScreen.storyboard in Resources */,
				8C81EDEF20098C1B009565A0 /* Assets.xcassets in Resources */,
				8C81EDED20098C1B009565A0 /* Main.storyboard in Resources */,
			);
			runOnlyForDeploymentPostprocessing = 0;
		};
		8C81EDF620098C1B009565A0 /* Resources */ = {
			isa = PBXResourcesBuildPhase;
			buildActionMask = 2147483647;
			files = (
			);
			runOnlyForDeploymentPostprocessing = 0;
		};
		8C81EE0120098C1B009565A0 /* Resources */ = {
			isa = PBXResourcesBuildPhase;
			buildActionMask = 2147483647;
			files = (
			);
			runOnlyForDeploymentPostprocessing = 0;
		};
/* End PBXResourcesBuildPhase section */

/* Begin PBXSourcesBuildPhase section */
		8C81EDE020098C1B009565A0 /* Sources */ = {
			isa = PBXSourcesBuildPhase;
			buildActionMask = 2147483647;
			files = (
				8C81EDEA20098C1B009565A0 /* ViewController.swift in Sources */,
				8C81EDE820098C1B009565A0 /* AppDelegate.swift in Sources */,
			);
			runOnlyForDeploymentPostprocessing = 0;
		};
		8C81EDF420098C1B009565A0 /* Sources */ = {
			isa = PBXSourcesBuildPhase;
			buildActionMask = 2147483647;
			files = (
				8C81EDFD20098C1B009565A0 /* BlueStream_PoCTests.swift in Sources */,
			);
			runOnlyForDeploymentPostprocessing = 0;
		};
		8C81EDFF20098C1B009565A0 /* Sources */ = {
			isa = PBXSourcesBuildPhase;
			buildActionMask = 2147483647;
			files = (
				8C81EE0820098C1B009565A0 /* BlueStream_PoCUITests.swift in Sources */,
			);
			runOnlyForDeploymentPostprocessing = 0;
		};
/* End PBXSourcesBuildPhase section */

/* Begin PBXTargetDependency section */
		8C81EDFA20098C1B009565A0 /* PBXTargetDependency */ = {
			isa = PBXTargetDependency;
			target = 8C81EDE320098C1B009565A0 /* BlueStream-PoC */;
			targetProxy = 8C81EDF920098C1B009565A0 /* PBXContainerItemProxy */;
		};
		8C81EE0520098C1B009565A0 /* PBXTargetDependency */ = {
			isa = PBXTargetDependency;
			target = 8C81EDE320098C1B009565A0 /* BlueStream-PoC */;
			targetProxy = 8C81EE0420098C1B009565A0 /* PBXContainerItemProxy */;
		};
/* End PBXTargetDependency section */

/* Begin PBXVariantGroup section */
		8C81EDEB20098C1B009565A0 /* Main.storyboard */ = {
			isa = PBXVariantGroup;
			children = (
				8C81EDEC20098C1B009565A0 /* Base */,
			);
			name = Main.storyboard;
			sourceTree = "<group>";
		};
		8C81EDF020098C1B009565A0 /* LaunchScreen.storyboard */ = {
			isa = PBXVariantGroup;
			children = (
				8C81EDF120098C1B009565A0 /* Base */,
			);
			name = LaunchScreen.storyboard;
			sourceTree = "<group>";
		};
/* End PBXVariantGroup section */

/* Begin XCBuildConfiguration section */
		8C81EE0A20098C1C009565A0 /* Debug */ = {
			isa = XCBuildConfiguration;
			buildSettings = {
				ALWAYS_SEARCH_USER_PATHS = NO;
				CLANG_ANALYZER_NONNULL = YES;
				CLANG_ANALYZER_NUMBER_OBJECT_CONVERSION = YES_AGGRESSIVE;
				CLANG_CXX_LANGUAGE_STANDARD = "gnu++14";
				CLANG_CXX_LIBRARY = "libc++";
				CLANG_ENABLE_MODULES = YES;
				CLANG_ENABLE_OBJC_ARC = YES;
				CLANG_WARN_BLOCK_CAPTURE_AUTORELEASING = YES;
				CLANG_WARN_BOOL_CONVERSION = YES;
				CLANG_WARN_COMMA = YES;
				CLANG_WARN_CONSTANT_CONVERSION = YES;
				CLANG_WARN_DIRECT_OBJC_ISA_USAGE = YES_ERROR;
				CLANG_WARN_DOCUMENTATION_COMMENTS = YES;
				CLANG_WARN_EMPTY_BODY = YES;
				CLANG_WARN_ENUM_CONVERSION = YES;
				CLANG_WARN_INFINITE_RECURSION = YES;
				CLANG_WARN_INT_CONVERSION = YES;
				CLANG_WARN_NON_LITERAL_NULL_CONVERSION = YES;
				CLANG_WARN_OBJC_LITERAL_CONVERSION = YES;
				CLANG_WARN_OBJC_ROOT_CLASS = YES_ERROR;
				CLANG_WARN_RANGE_LOOP_ANALYSIS = YES;
				CLANG_WARN_STRICT_PROTOTYPES = YES;
				CLANG_WARN_SUSPICIOUS_MOVE = YES;
				CLANG_WARN_UNGUARDED_AVAILABILITY = YES_AGGRESSIVE;
				CLANG_WARN_UNREACHABLE_CODE = YES;
				CLANG_WARN__DUPLICATE_METHOD_MATCH = YES;
				CODE_SIGN_IDENTITY = "iPhone Developer";
				COPY_PHASE_STRIP = NO;
				DEBUG_INFORMATION_FORMAT = dwarf;
				ENABLE_STRICT_OBJC_MSGSEND = YES;
				ENABLE_TESTABILITY = YES;
				GCC_C_LANGUAGE_STANDARD = gnu11;
				GCC_DYNAMIC_NO_PIC = NO;
				GCC_NO_COMMON_BLOCKS = YES;
				GCC_OPTIMIZATION_LEVEL = 0;
				GCC_PREPROCESSOR_DEFINITIONS = (
					"DEBUG=1",
					"$(inherited)",
				);
				GCC_WARN_64_TO_32_BIT_CONVERSION = YES;
				GCC_WARN_ABOUT_RETURN_TYPE = YES_ERROR;
				GCC_WARN_UNDECLARED_SELECTOR = YES;
				GCC_WARN_UNINITIALIZED_AUTOS = YES_AGGRESSIVE;
				GCC_WARN_UNUSED_FUNCTION = YES;
				GCC_WARN_UNUSED_VARIABLE = YES;
				IPHONEOS_DEPLOYMENT_TARGET = 9.1;
				MTL_ENABLE_DEBUG_INFO = YES;
				ONLY_ACTIVE_ARCH = YES;
				SDKROOT = iphoneos11.2;
				SWIFT_ACTIVE_COMPILATION_CONDITIONS = DEBUG;
				SWIFT_OPTIMIZATION_LEVEL = "-Onone";
			};
			name = Debug;
		};
		8C81EE0B20098C1C009565A0 /* Release */ = {
			isa = XCBuildConfiguration;
			buildSettings = {
				ALWAYS_SEARCH_USER_PATHS = NO;
				CLANG_ANALYZER_NONNULL = YES;
				CLANG_ANALYZER_NUMBER_OBJECT_CONVERSION = YES_AGGRESSIVE;
				CLANG_CXX_LANGUAGE_STANDARD = "gnu++14";
				CLANG_CXX_LIBRARY = "libc++";
				CLANG_ENABLE_MODULES = YES;
				CLANG_ENABLE_OBJC_ARC = YES;
				CLANG_WARN_BLOCK_CAPTURE_AUTORELEASING = YES;
				CLANG_WARN_BOOL_CONVERSION = YES;
				CLANG_WARN_COMMA = YES;
				CLANG_WARN_CONSTANT_CONVERSION = YES;
				CLANG_WARN_DIRECT_OBJC_ISA_USAGE = YES_ERROR;
				CLANG_WARN_DOCUMENTATION_COMMENTS = YES;
				CLANG_WARN_EMPTY_BODY = YES;
				CLANG_WARN_ENUM_CONVERSION = YES;
				CLANG_WARN_INFINITE_RECURSION = YES;
				CLANG_WARN_INT_CONVERSION = YES;
				CLANG_WARN_NON_LITERAL_NULL_CONVERSION = YES;
				CLANG_WARN_OBJC_LITERAL_CONVERSION = YES;
				CLANG_WARN_OBJC_ROOT_CLASS = YES_ERROR;
				CLANG_WARN_RANGE_LOOP_ANALYSIS = YES;
				CLANG_WARN_STRICT_PROTOTYPES = YES;
				CLANG_WARN_SUSPICIOUS_MOVE = YES;
				CLANG_WARN_UNGUARDED_AVAILABILITY = YES_AGGRESSIVE;
				CLANG_WARN_UNREACHABLE_CODE = YES;
				CLANG_WARN__DUPLICATE_METHOD_MATCH = YES;
				CODE_SIGN_IDENTITY = "iPhone Developer";
				COPY_PHASE_STRIP = NO;
				DEBUG_INFORMATION_FORMAT = "dwarf-with-dsym";
				ENABLE_NS_ASSERTIONS = NO;
				ENABLE_STRICT_OBJC_MSGSEND = YES;
				GCC_C_LANGUAGE_STANDARD = gnu11;
				GCC_NO_COMMON_BLOCKS = YES;
				GCC_WARN_64_TO_32_BIT_CONVERSION = YES;
				GCC_WARN_ABOUT_RETURN_TYPE = YES_ERROR;
				GCC_WARN_UNDECLARED_SELECTOR = YES;
				GCC_WARN_UNINITIALIZED_AUTOS = YES_AGGRESSIVE;
				GCC_WARN_UNUSED_FUNCTION = YES;
				GCC_WARN_UNUSED_VARIABLE = YES;
				IPHONEOS_DEPLOYMENT_TARGET = 9.1;
				MTL_ENABLE_DEBUG_INFO = NO;
				SDKROOT = iphoneos11.2;
				SWIFT_OPTIMIZATION_LEVEL = "-Owholemodule";
				VALIDATE_PRODUCT = YES;
			};
			name = Release;
		};
		8C81EE0D20098C1C009565A0 /* Debug */ = {
			isa = XCBuildConfiguration;
			buildSettings = {
				ASSETCATALOG_COMPILER_APPICON_NAME = AppIcon;
				CODE_SIGN_STYLE = Automatic;
				DEVELOPMENT_TEAM = BRK5Z4K725;
				INFOPLIST_FILE = "BlueStream-PoC/Info.plist";
				IPHONEOS_DEPLOYMENT_TARGET = 9.1;
				LD_RUNPATH_SEARCH_PATHS = "$(inherited) @executable_path/Frameworks";
				PRODUCT_BUNDLE_IDENTIFIER = "IFT402.BlueStream-PoC";
				PRODUCT_NAME = "$(TARGET_NAME)";
				SWIFT_VERSION = 4.0;
				TARGETED_DEVICE_FAMILY = 1;
			};
			name = Debug;
		};
		8C81EE0E20098C1C009565A0 /* Release */ = {
			isa = XCBuildConfiguration;
			buildSettings = {
				ASSETCATALOG_COMPILER_APPICON_NAME = AppIcon;
				CODE_SIGN_STYLE = Automatic;
				DEVELOPMENT_TEAM = BRK5Z4K725;
				INFOPLIST_FILE = "BlueStream-PoC/Info.plist";
				IPHONEOS_DEPLOYMENT_TARGET = 9.1;
				LD_RUNPATH_SEARCH_PATHS = "$(inherited) @executable_path/Frameworks";
				PRODUCT_BUNDLE_IDENTIFIER = "IFT402.BlueStream-PoC";
				PRODUCT_NAME = "$(TARGET_NAME)";
				SWIFT_VERSION = 4.0;
				TARGETED_DEVICE_FAMILY = 1;
			};
			name = Release;
		};
		8C81EE1020098C1C009565A0 /* Debug */ = {
			isa = XCBuildConfiguration;
			buildSettings = {
				ALWAYS_EMBED_SWIFT_STANDARD_LIBRARIES = YES;
				BUNDLE_LOADER = "$(TEST_HOST)";
				CODE_SIGN_STYLE = Automatic;
				DEVELOPMENT_TEAM = BRK5Z4K725;
				INFOPLIST_FILE = "BlueStream-PoCTests/Info.plist";
				LD_RUNPATH_SEARCH_PATHS = "$(inherited) @executable_path/Frameworks @loader_path/Frameworks";
				PRODUCT_BUNDLE_IDENTIFIER = "IFT402.BlueStream-PoCTests";
				PRODUCT_NAME = "$(TARGET_NAME)";
				SWIFT_VERSION = 4.0;
				TARGETED_DEVICE_FAMILY = "1,2";
				TEST_HOST = "$(BUILT_PRODUCTS_DIR)/BlueStream-PoC.app/BlueStream-PoC";
			};
			name = Debug;
		};
		8C81EE1120098C1C009565A0 /* Release */ = {
			isa = XCBuildConfiguration;
			buildSettings = {
				ALWAYS_EMBED_SWIFT_STANDARD_LIBRARIES = YES;
				BUNDLE_LOADER = "$(TEST_HOST)";
				CODE_SIGN_STYLE = Automatic;
				DEVELOPMENT_TEAM = BRK5Z4K725;
				INFOPLIST_FILE = "BlueStream-PoCTests/Info.plist";
				LD_RUNPATH_SEARCH_PATHS = "$(inherited) @executable_path/Frameworks @loader_path/Frameworks";
				PRODUCT_BUNDLE_IDENTIFIER = "IFT402.BlueStream-PoCTests";
				PRODUCT_NAME = "$(TARGET_NAME)";
				SWIFT_VERSION = 4.0;
				TARGETED_DEVICE_FAMILY = "1,2";
				TEST_HOST = "$(BUILT_PRODUCTS_DIR)/BlueStream-PoC.app/BlueStream-PoC";
			};
			name = Release;
		};
		8C81EE1320098C1C009565A0 /* Debug */ = {
			isa = XCBuildConfiguration;
			buildSettings = {
				ALWAYS_EMBED_SWIFT_STANDARD_LIBRARIES = YES;
				CODE_SIGN_STYLE = Automatic;
				DEVELOPMENT_TEAM = BRK5Z4K725;
				INFOPLIST_FILE = "BlueStream-PoCUITests/Info.plist";
				LD_RUNPATH_SEARCH_PATHS = "$(inherited) @executable_path/Frameworks @loader_path/Frameworks";
				PRODUCT_BUNDLE_IDENTIFIER = "IFT402.BlueStream-PoCUITests";
				PRODUCT_NAME = "$(TARGET_NAME)";
				SWIFT_VERSION = 4.0;
				TARGETED_DEVICE_FAMILY = "1,2";
				TEST_TARGET_NAME = "BlueStream-PoC";
			};
			name = Debug;
		};
		8C81EE1420098C1C009565A0 /* Release */ = {
			isa = XCBuildConfiguration;
			buildSettings = {
				ALWAYS_EMBED_SWIFT_STANDARD_LIBRARIES = YES;
				CODE_SIGN_STYLE = Automatic;
				DEVELOPMENT_TEAM = BRK5Z4K725;
				INFOPLIST_FILE = "BlueStream-PoCUITests/Info.plist";
				LD_RUNPATH_SEARCH_PATHS = "$(inherited) @executable_path/Frameworks @loader_path/Frameworks";
				PRODUCT_BUNDLE_IDENTIFIER = "IFT402.BlueStream-PoCUITests";
				PRODUCT_NAME = "$(TARGET_NAME)";
				SWIFT_VERSION = 4.0;
				TARGETED_DEVICE_FAMILY = "1,2";
				TEST_TARGET_NAME = "BlueStream-PoC";
			};
			name = Release;
		};
/* End XCBuildConfiguration section */

/* Begin XCConfigurationList section */
		8C81EDDF20098C1B009565A0 /* Build configuration list for PBXProject "BlueStream-PoC" */ = {
			isa = XCConfigurationList;
			buildConfigurations = (
				8C81EE0A20098C1C009565A0 /* Debug */,
				8C81EE0B20098C1C009565A0 /* Release */,
			);
			defaultConfigurationIsVisible = 0;
			defaultConfigurationName = Release;
		};
		8C81EE0C20098C1C009565A0 /* Build configuration list for PBXNativeTarget "BlueStream-PoC" */ = {
			isa = XCConfigurationList;
			buildConfigurations = (
				8C81EE0D20098C1C009565A0 /* Debug */,
				8C81EE0E20098C1C009565A0 /* Release */,
			);
			defaultConfigurationIsVisible = 0;
			defaultConfigurationName = Release;
		};
		8C81EE0F20098C1C009565A0 /* Build configuration list for PBXNativeTarget "BlueStream-PoCTests" */ = {
			isa = XCConfigurationList;
			buildConfigurations = (
				8C81EE1020098C1C009565A0 /* Debug */,
				8C81EE1120098C1C009565A0 /* Release */,
			);
			defaultConfigurationIsVisible = 0;
			defaultConfigurationName = Release;
		};
		8C81EE1220098C1C009565A0 /* Build configuration list for PBXNativeTarget "BlueStream-PoCUITests" */ = {
			isa = XCConfigurationList;
			buildConfigurations = (
				8C81EE1320098C1C009565A0 /* Debug */,
				8C81EE1420098C1C009565A0 /* Release */,
			);
			defaultConfigurationIsVisible = 0;
			defaultConfigurationName = Release;
		};
/* End XCConfigurationList section */
	};
	rootObject = 8C81EDDC20098C1B009565A0 /* Project object */;
}
